PODS:
  - Alamofire (4.7.2)
  - AppFolder (0.2.0)
  - CryptoSwift (0.8.3)
  - Moya/Core (11.0.2):
    - Alamofire (~> 4.1)
    - Result (~> 3.0)
  - Moya/RxSwift (11.0.2):
    - Moya/Core
    - RxSwift (~> 4.0)
  - PKHUD (5.0.0)
  - Result (3.2.4)
  - RxCocoa (4.1.2):
    - RxSwift (~> 4.0)
  - RxSwift (4.1.2)
  - SnapKit (4.0.0)
  - SwifterSwift (4.1.1):
    - SwifterSwift/AppKit (= 4.1.1)
    - SwifterSwift/CoreGraphics (= 4.1.1)
    - SwifterSwift/CoreLocation (= 4.1.1)
    - SwifterSwift/Foundation (= 4.1.1)
    - SwifterSwift/SwiftStdlib (= 4.1.1)
    - SwifterSwift/UIKit (= 4.1.1)
  - SwifterSwift/AppKit (4.1.1)
  - SwifterSwift/CoreGraphics (4.1.1)
  - SwifterSwift/CoreLocation (4.1.1)
  - SwifterSwift/Foundation (4.1.1)
  - SwifterSwift/SwiftStdlib (4.1.1)
  - SwifterSwift/UIKit (4.1.1)
  - SwiftyAttributes (4.1.1)

DEPENDENCIES:
  - AppFolder
  - CryptoSwift (~> 0.8.3)
  - Moya/RxSwift
  - PKHUD
  - RxCocoa
  - RxSwift
  - SnapKit
  - SwifterSwift (~> 4.1.1)
  - SwiftyAttributes

SPEC REPOS:
  https://github.com/CocoaPods/Specs.git:
    - Alamofire
    - AppFolder
    - CryptoSwift
    - Moya
    - PKHUD
    - Result
    - RxCocoa
    - RxSwift
    - SnapKit
    - SwifterSwift
    - SwiftyAttributes

SPEC CHECKSUMS:
  Alamofire: e4fa87002c137ba2d8d634d2c51fabcda0d5c223
  AppFolder: d10ba19488bd441d60ffcf96eb2ab639a4825231
  CryptoSwift: 033efc3523865d19cc6ab6612fa17a62613b5dfa
  Moya: a725035953bc1c0eb1be505ab903984501d82440
  PKHUD: 3c001512c6e002091184197a8de7a20420786e3b
  Result: d2d07204ce72856f1fd9130bbe42c35a7b0fea10
  RxCocoa: d88ba0f1f6abf040011a9eb4b539324fc426843a
  RxSwift: e49536837d9901277638493ea537394d4b55f570
  SnapKit: a42d492c16e80209130a3379f73596c3454b7694
  SwifterSwift: bfcae9d659dfd306d164f13f72cad09198f30723
  SwiftyAttributes: 1addf69f31e5779510ac110f8afaea9fcd6d8134

PODFILE CHECKSUM: 7a3d02115b2081b7bca324cc9c31830c313a9fab

COCOAPODS: 1.5.0
