PODS:
  - Alamofire (4.7.2)
  - AppFolder (0.2.0)
  - BasicServicesModule (0.5.2):
    - AppFolder
    - BasicServicesModule/Core (= 0.5.2)
    - BasicServicesModule/Indicator (= 0.5.2)
    - BasicServicesModule/Navigation (= 0.5.2)
    - BasicServicesModule/Network (= 0.5.2)
    - BasicServicesModule/TabBarController (= 0.5.2)
    - CryptoSwift (~> 0.8.3)
    - RxCocoa
    - RxSwift
    - SnapKit
    - SwifterSwift
    - SwiftyAttributes
  - BasicServicesModule/Core (0.5.2):
    - AppFolder
    - CryptoSwift (~> 0.8.3)
    - RxCocoa
    - RxSwift
    - SnapKit
    - SwifterSwift
    - SwiftyAttributes
  - BasicServicesModule/Indicator (0.5.2):
    - AppFolder
    - CryptoSwift (~> 0.8.3)
    - FHUD
    - RxCocoa
    - RxSwift
    - SnapKit
    - SwifterSwift
    - SwiftyAttributes
  - BasicServicesModule/Navigation (0.5.2):
    - AppFolder
    - BasicServicesModule/Core
    - CryptoSwift (~> 0.8.3)
    - RxCocoa
    - RxSwift
    - SnapKit
    - SwifterSwift
    - SwiftyAttributes
  - BasicServicesModule/Network (0.5.2):
    - AppFolder
    - CryptoSwift (~> 0.8.3)
    - Moya/RxSwift
    - RxCocoa
    - RxSwift
    - SnapKit
    - SwifterSwift
    - SwiftyAttributes
  - BasicServicesModule/TabBarController (0.5.2):
    - AppFolder
    - CryptoSwift (~> 0.8.3)
    - RxCocoa
    - RxSwift
    - SnapKit
    - SwifterSwift
    - SwiftyAttributes
  - CryptoSwift (0.8.3)
  - FHUD (0.2)
  - Moya/Core (11.0.2):
    - Alamofire (~> 4.1)
    - Result (~> 3.0)
  - Moya/RxSwift (11.0.2):
    - Moya/Core
    - RxSwift (~> 4.0)
  - Result (3.2.4)
  - RxCocoa (4.1.2):
    - RxSwift (~> 4.0)
  - RxSwift (4.1.2)
  - SnapKit (4.0.0)
  - SwifterSwift (4.3.0):
    - SwifterSwift/AppKit (= 4.3.0)
    - SwifterSwift/CoreGraphics (= 4.3.0)
    - SwifterSwift/CoreLocation (= 4.3.0)
    - SwifterSwift/Foundation (= 4.3.0)
    - SwifterSwift/MapKit (= 4.3.0)
    - SwifterSwift/SwiftStdlib (= 4.3.0)
    - SwifterSwift/UIKit (= 4.3.0)
  - SwifterSwift/AppKit (4.3.0)
  - SwifterSwift/CoreGraphics (4.3.0)
  - SwifterSwift/CoreLocation (4.3.0)
  - SwifterSwift/Foundation (4.3.0)
  - SwifterSwift/MapKit (4.3.0)
  - SwifterSwift/SwiftStdlib (4.3.0)
  - SwifterSwift/UIKit (4.3.0)
  - SwiftyAttributes (4.2.0)

DEPENDENCIES:
  - BasicServicesModule (from `../`)

SPEC REPOS:
  https://github.com/CocoaPods/Specs.git:
    - Alamofire
    - AppFolder
    - CryptoSwift
    - FHUD
    - Moya
    - Result
    - RxCocoa
    - RxSwift
    - SnapKit
    - SwifterSwift
    - SwiftyAttributes

EXTERNAL SOURCES:
  BasicServicesModule:
    :path: "../"

SPEC CHECKSUMS:
  Alamofire: e4fa87002c137ba2d8d634d2c51fabcda0d5c223
  AppFolder: d10ba19488bd441d60ffcf96eb2ab639a4825231
  BasicServicesModule: 53c7af31cf8948727628845fbc27289766a6e4ac
  CryptoSwift: 033efc3523865d19cc6ab6612fa17a62613b5dfa
  FHUD: d532de3da23df2c8c28ab105c89d3449f9281d5f
  Moya: a725035953bc1c0eb1be505ab903984501d82440
  Result: d2d07204ce72856f1fd9130bbe42c35a7b0fea10
  RxCocoa: d88ba0f1f6abf040011a9eb4b539324fc426843a
  RxSwift: e49536837d9901277638493ea537394d4b55f570
  SnapKit: a42d492c16e80209130a3379f73596c3454b7694
  SwifterSwift: f3fce2b9fc5b9d8fda6eec33825e5243c60aebba
  SwiftyAttributes: da052e36f8950382016145969d95481c14d2d328

PODFILE CHECKSUM: b5f37db626c5c4715349e13a7bf9657d7fa31840

COCOAPODS: 1.5.0
