PODS:
  - Alamofire (4.7.3)
  - BasicServicesModule (1.0.0):
    - BasicServicesModule/Core (= 1.0.0)
    - BasicServicesModule/Indicator (= 1.0.0)
    - BasicServicesModule/Navigation (= 1.0.0)
    - BasicServicesModule/Network (= 1.0.0)
    - BasicServicesModule/TabBarController (= 1.0.0)
    - SwifterSwift
  - BasicServicesModule/Core (1.0.0):
    - SwifterSwift
  - BasicServicesModule/Indicator (1.0.0):
    - FHUD
    - SwifterSwift
  - BasicServicesModule/Navigation (1.0.0):
    - BasicServicesModule/Core
    - SwifterSwift
  - BasicServicesModule/Network (1.0.0):
    - Moya/RxSwift
    - RxCocoa
    - RxSwift
    - SwifterSwift
  - BasicServicesModule/TabBarController (1.0.0):
    - SwifterSwift
  - FHUD (0.5)
  - Moya/Core (11.0.2):
    - Alamofire (~> 4.1)
    - Result (~> 3.0)
  - Moya/RxSwift (11.0.2):
    - Moya/Core
    - RxSwift (~> 4.0)
  - Result (3.2.4)
  - RxCocoa (4.3.1):
    - RxSwift (~> 4.0)
  - RxSwift (4.3.1)
  - SwifterSwift (4.6.0):
    - SwifterSwift/AppKit (= 4.6.0)
    - SwifterSwift/CoreGraphics (= 4.6.0)
    - SwifterSwift/CoreLocation (= 4.6.0)
    - SwifterSwift/Foundation (= 4.6.0)
    - SwifterSwift/MapKit (= 4.6.0)
    - SwifterSwift/SpriteKit (= 4.6.0)
    - SwifterSwift/SwiftStdlib (= 4.6.0)
    - SwifterSwift/UIKit (= 4.6.0)
  - SwifterSwift/AppKit (4.6.0)
  - SwifterSwift/CoreGraphics (4.6.0)
  - SwifterSwift/CoreLocation (4.6.0)
  - SwifterSwift/Foundation (4.6.0)
  - SwifterSwift/MapKit (4.6.0)
  - SwifterSwift/SpriteKit (4.6.0)
  - SwifterSwift/SwiftStdlib (4.6.0)
  - SwifterSwift/UIKit (4.6.0)

DEPENDENCIES:
  - BasicServicesModule (from `../`)

SPEC REPOS:
  https://github.com/cocoapods/specs.git:
    - Alamofire
    - FHUD
    - Moya
    - Result
    - RxCocoa
    - RxSwift
    - SwifterSwift

EXTERNAL SOURCES:
  BasicServicesModule:
    :path: "../"

SPEC CHECKSUMS:
  Alamofire: c7287b6e5d7da964a70935e5db17046b7fde6568
  BasicServicesModule: c6b0f8dd3bc0fc7f257eb7170976ecc7f755c528
  FHUD: 0ebb04ba65cc5d9ce7257d265ca4299894ca3f8d
  Moya: a725035953bc1c0eb1be505ab903984501d82440
  Result: d2d07204ce72856f1fd9130bbe42c35a7b0fea10
  RxCocoa: 78763c7b07d02455598d9fc3c1ad091a28b73635
  RxSwift: fe0fd770a43acdb7d0a53da411c9b892e69bb6e4
  SwifterSwift: 812ffec6f301922f5430e75be3f2939ea3a80024

PODFILE CHECKSUM: b5f37db626c5c4715349e13a7bf9657d7fa31840

COCOAPODS: 1.5.3
